
Microsoft Visual Studio Solution File, Format Version 12.00
# Visual Studio Version 17
VisualStudioVersion = 17.6.33829.357
MinimumVisualStudioVersion = 10.0.40219.1
Project("{FAE04EC0-301F-11D3-BF4B-00C04F79EFBC}") = "MvcMovie", "MvcMovie\MvcMovie.csproj", "{210310FD-0580-4153-AADA-04ED5D09C1ED}"
EndProject
Global
	GlobalSection(SolutionConfigurationPlatforms) = preSolution
		Debug|Any CPU = Debug|Any CPU
		Release|Any CPU = Release|Any CPU
	EndGlobalSection
	GlobalSection(ProjectConfigurationPlatforms) = postSolution
		{210310FD-0580-4153-AADA-04ED5D09C1ED}.Debug|Any CPU.ActiveCfg = Debug|Any CPU
		{210310FD-0580-4153-AADA-04ED5D09C1ED}.Debug|Any CPU.Build.0 = Debug|Any CPU
		{210310FD-0580-4153-AADA-04ED5D09C1ED}.Release|Any CPU.ActiveCfg = Release|Any CPU
		{210310FD-0580-4153-AADA-04ED5D09C1ED}.Release|Any CPU.Build.0 = Release|Any CPU
	EndGlobalSection
	GlobalSection(SolutionProperties) = preSolution
		HideSolutionNode = FALSE
	EndGlobalSection
	GlobalSection(ExtensibilityGlobals) = postSolution
		SolutionGuid = {9A5E562C-CF3C-4567-8316-6C719146FD1B}
	EndGlobalSection
EndGlobal
