
Microsoft Visual Studio Solution File, Format Version 12.00
# Visual Studio Version 17
VisualStudioVersion = 17.6.33829.357
MinimumVisualStudioVersion = 10.0.40219.1
Project("{FAE04EC0-301F-11D3-BF4B-00C04F79EFBC}") = "BlazorApp1", "BlazorApp1\BlazorApp1.csproj", "{F4EFAC22-EFEB-401A-AB67-B01FFA9765B8}"
EndProject
Global
	GlobalSection(SolutionConfigurationPlatforms) = preSolution
		Debug|Any CPU = Debug|Any CPU
		Release|Any CPU = Release|Any CPU
	EndGlobalSection
	GlobalSection(ProjectConfigurationPlatforms) = postSolution
		{F4EFAC22-EFEB-401A-AB67-B01FFA9765B8}.Debug|Any CPU.ActiveCfg = Debug|Any CPU
		{F4EFAC22-EFEB-401A-AB67-B01FFA9765B8}.Debug|Any CPU.Build.0 = Debug|Any CPU
		{F4EFAC22-EFEB-401A-AB67-B01FFA9765B8}.Release|Any CPU.ActiveCfg = Release|Any CPU
		{F4EFAC22-EFEB-401A-AB67-B01FFA9765B8}.Release|Any CPU.Build.0 = Release|Any CPU
	EndGlobalSection
	GlobalSection(SolutionProperties) = preSolution
		HideSolutionNode = FALSE
	EndGlobalSection
	GlobalSection(ExtensibilityGlobals) = postSolution
		SolutionGuid = {D84F1131-DB95-489C-BE0F-4F2A80FE1C3E}
	EndGlobalSection
EndGlobal
