
Microsoft Visual Studio Solution File, Format Version 12.00
# Visual Studio Version 16
VisualStudioVersion = 25.0.1706.1
MinimumVisualStudioVersion = 10.0.40219.1
Project("{FAE04EC0-301F-11D3-BF4B-00C04F79EFBC}") = "MvcMovie", "MvcMovie\MvcMovie.csproj", "{50CAA29C-1F04-484D-A332-84C2483413EE}"
EndProject
Global
	GlobalSection(SolutionConfigurationPlatforms) = preSolution
		Debug|Any CPU = Debug|Any CPU
		Release|Any CPU = Release|Any CPU
	EndGlobalSection
	GlobalSection(ProjectConfigurationPlatforms) = postSolution
		{50CAA29C-1F04-484D-A332-84C2483413EE}.Debug|Any CPU.ActiveCfg = Debug|Any CPU
		{50CAA29C-1F04-484D-A332-84C2483413EE}.Debug|Any CPU.Build.0 = Debug|Any CPU
		{50CAA29C-1F04-484D-A332-84C2483413EE}.Release|Any CPU.ActiveCfg = Release|Any CPU
		{50CAA29C-1F04-484D-A332-84C2483413EE}.Release|Any CPU.Build.0 = Release|Any CPU
	EndGlobalSection
	GlobalSection(SolutionProperties) = preSolution
		HideSolutionNode = FALSE
	EndGlobalSection
	GlobalSection(ExtensibilityGlobals) = postSolution
		SolutionGuid = {8B588337-EDB1-4402-9939-791B33C4E5D0}
	EndGlobalSection
EndGlobal
