
Microsoft Visual Studio Solution File, Format Version 12.00
# Visual Studio Version 17
VisualStudioVersion = 17.6.33829.357
MinimumVisualStudioVersion = 10.0.40219.1
Project("{FAE04EC0-301F-11D3-BF4B-00C04F79EFBC}") = "WebApplication1", "WebApplication1\WebApplication1.csproj", "{29EFEF26-7E73-4696-979F-EB6D36484530}"
EndProject
Global
	GlobalSection(SolutionConfigurationPlatforms) = preSolution
		Debug|Any CPU = Debug|Any CPU
		Release|Any CPU = Release|Any CPU
	EndGlobalSection
	GlobalSection(ProjectConfigurationPlatforms) = postSolution
		{29EFEF26-7E73-4696-979F-EB6D36484530}.Debug|Any CPU.ActiveCfg = Debug|Any CPU
		{29EFEF26-7E73-4696-979F-EB6D36484530}.Debug|Any CPU.Build.0 = Debug|Any CPU
		{29EFEF26-7E73-4696-979F-EB6D36484530}.Release|Any CPU.ActiveCfg = Release|Any CPU
		{29EFEF26-7E73-4696-979F-EB6D36484530}.Release|Any CPU.Build.0 = Release|Any CPU
	EndGlobalSection
	GlobalSection(SolutionProperties) = preSolution
		HideSolutionNode = FALSE
	EndGlobalSection
	GlobalSection(ExtensibilityGlobals) = postSolution
		SolutionGuid = {514E6EB6-0EED-41C0-9495-BCFE08E10D66}
	EndGlobalSection
EndGlobal
