
Microsoft Visual Studio Solution File, Format Version 12.00
# Visual Studio Version 17
VisualStudioVersion = 17.7.34024.191
MinimumVisualStudioVersion = 10.0.40219.1
Project("{FAE04EC0-301F-11D3-BF4B-00C04F79EFBC}") = "FullStack.API", "FullStack.API\FullStack.API.csproj", "{35756E5F-9C34-490E-8865-2C9282C0DD6B}"
EndProject
Global
	GlobalSection(SolutionConfigurationPlatforms) = preSolution
		Debug|Any CPU = Debug|Any CPU
		Release|Any CPU = Release|Any CPU
	EndGlobalSection
	GlobalSection(ProjectConfigurationPlatforms) = postSolution
		{35756E5F-9C34-490E-8865-2C9282C0DD6B}.Debug|Any CPU.ActiveCfg = Debug|Any CPU
		{35756E5F-9C34-490E-8865-2C9282C0DD6B}.Debug|Any CPU.Build.0 = Debug|Any CPU
		{35756E5F-9C34-490E-8865-2C9282C0DD6B}.Release|Any CPU.ActiveCfg = Release|Any CPU
		{35756E5F-9C34-490E-8865-2C9282C0DD6B}.Release|Any CPU.Build.0 = Release|Any CPU
	EndGlobalSection
	GlobalSection(SolutionProperties) = preSolution
		HideSolutionNode = FALSE
	EndGlobalSection
	GlobalSection(ExtensibilityGlobals) = postSolution
		SolutionGuid = {3D69776D-E6DE-4BAC-86B0-4F244749431D}
	EndGlobalSection
EndGlobal
